
Microsoft Visual Studio Solution File, Format Version 12.00
# Visual Studio Version 17
VisualStudioVersion = 17.5.002.0
MinimumVisualStudioVersion = 10.0.40219.1
Project("{9A19103F-16F7-4668-BE54-9A1E7A4F7556}") = "FNA.NET.Shapes", "Source\FNA.NET.Shapes.csproj", "{9854EAE9-FB7C-417C-8265-0B8490C24BB8}"
EndProject
Project("{9A19103F-16F7-4668-BE54-9A1E7A4F7556}") = "FNAGame1", "FNAGame1\FNAGame1.csproj", "{51705DE4-7927-49A5-96B7-0BD02AB30F95}"
EndProject
Global
	GlobalSection(SolutionConfigurationPlatforms) = preSolution
		Debug|Any CPU = Debug|Any CPU
		Release|Any CPU = Release|Any CPU
	EndGlobalSection
	GlobalSection(ProjectConfigurationPlatforms) = postSolution
		{9854EAE9-FB7C-417C-8265-0B8490C24BB8}.Debug|Any CPU.ActiveCfg = Debug|Any CPU
		{9854EAE9-FB7C-417C-8265-0B8490C24BB8}.Debug|Any CPU.Build.0 = Debug|Any CPU
		{9854EAE9-FB7C-417C-8265-0B8490C24BB8}.Release|Any CPU.ActiveCfg = Release|Any CPU
		{9854EAE9-FB7C-417C-8265-0B8490C24BB8}.Release|Any CPU.Build.0 = Release|Any CPU
		{51705DE4-7927-49A5-96B7-0BD02AB30F95}.Debug|Any CPU.ActiveCfg = Debug|Any CPU
		{51705DE4-7927-49A5-96B7-0BD02AB30F95}.Debug|Any CPU.Build.0 = Debug|Any CPU
		{51705DE4-7927-49A5-96B7-0BD02AB30F95}.Release|Any CPU.ActiveCfg = Release|Any CPU
		{51705DE4-7927-49A5-96B7-0BD02AB30F95}.Release|Any CPU.Build.0 = Release|Any CPU
	EndGlobalSection
	GlobalSection(SolutionProperties) = preSolution
		HideSolutionNode = FALSE
	EndGlobalSection
	GlobalSection(ExtensibilityGlobals) = postSolution
		SolutionGuid = {4430F3AB-5F08-45FC-AB37-B867C42DA55C}
	EndGlobalSection
EndGlobal
