
Microsoft Visual Studio Solution File, Format Version 12.00
# Visual Studio Version 17
VisualStudioVersion = 17.5.002.0
MinimumVisualStudioVersion = 10.0.40219.1
Project("{2150E333-8FDC-42A3-9474-1A3956D46DE8}") = "Example", "Example", "{FE8B45FB-E20C-481A-BB82-09349472292C}"
EndProject
Project("{2150E333-8FDC-42A3-9474-1A3956D46DE8}") = "Platforms", "Platforms", "{BDE8C8D0-6117-4F3B-9E96-C80361D99584}"
EndProject
Project("{9A19103F-16F7-4668-BE54-9A1E7A4F7556}") = "DesktopGL", "Example\Platforms\DesktopGL\DesktopGL.csproj", "{34A7F131-93A4-4A99-A69B-E54FF60FB922}"
EndProject
Project("{9A19103F-16F7-4668-BE54-9A1E7A4F7556}") = "WindowsDX", "Example\Platforms\WindowsDX\WindowsDX.csproj", "{EE78A4DE-BAC6-46A8-983E-BB66CF40915B}"
EndProject
Project("{FAE04EC0-301F-11D3-BF4B-00C04F79EFBC}") = "FNA.NET.Shapes", "Source\FNA.NET.Shapes.csproj", "{9854EAE9-FB7C-417C-8265-0B8490C24BB8}"
EndProject
Global
	GlobalSection(SolutionConfigurationPlatforms) = preSolution
		Debug|Any CPU = Debug|Any CPU
		Release|Any CPU = Release|Any CPU
	EndGlobalSection
	GlobalSection(ProjectConfigurationPlatforms) = postSolution
		{34A7F131-93A4-4A99-A69B-E54FF60FB922}.Debug|Any CPU.ActiveCfg = Debug|Any CPU
		{34A7F131-93A4-4A99-A69B-E54FF60FB922}.Debug|Any CPU.Build.0 = Debug|Any CPU
		{34A7F131-93A4-4A99-A69B-E54FF60FB922}.Release|Any CPU.ActiveCfg = Release|Any CPU
		{34A7F131-93A4-4A99-A69B-E54FF60FB922}.Release|Any CPU.Build.0 = Release|Any CPU
		{EE78A4DE-BAC6-46A8-983E-BB66CF40915B}.Debug|Any CPU.ActiveCfg = Debug|Any CPU
		{EE78A4DE-BAC6-46A8-983E-BB66CF40915B}.Debug|Any CPU.Build.0 = Debug|Any CPU
		{EE78A4DE-BAC6-46A8-983E-BB66CF40915B}.Release|Any CPU.ActiveCfg = Release|Any CPU
		{EE78A4DE-BAC6-46A8-983E-BB66CF40915B}.Release|Any CPU.Build.0 = Release|Any CPU
		{9854EAE9-FB7C-417C-8265-0B8490C24BB8}.Debug|Any CPU.ActiveCfg = Debug|Any CPU
		{9854EAE9-FB7C-417C-8265-0B8490C24BB8}.Debug|Any CPU.Build.0 = Debug|Any CPU
		{9854EAE9-FB7C-417C-8265-0B8490C24BB8}.Release|Any CPU.ActiveCfg = Release|Any CPU
		{9854EAE9-FB7C-417C-8265-0B8490C24BB8}.Release|Any CPU.Build.0 = Release|Any CPU
	EndGlobalSection
	GlobalSection(SolutionProperties) = preSolution
		HideSolutionNode = FALSE
	EndGlobalSection
	GlobalSection(NestedProjects) = preSolution
		{BDE8C8D0-6117-4F3B-9E96-C80361D99584} = {FE8B45FB-E20C-481A-BB82-09349472292C}
		{34A7F131-93A4-4A99-A69B-E54FF60FB922} = {BDE8C8D0-6117-4F3B-9E96-C80361D99584}
		{EE78A4DE-BAC6-46A8-983E-BB66CF40915B} = {BDE8C8D0-6117-4F3B-9E96-C80361D99584}
	EndGlobalSection
	GlobalSection(ExtensibilityGlobals) = postSolution
		SolutionGuid = {4430F3AB-5F08-45FC-AB37-B867C42DA55C}
	EndGlobalSection
EndGlobal
